{
	"name": "@wapps/react-contentful",
	"version": "0.0.5",
	"lockfileVersion": 1,
	"requires": true,
	"dependencies": {
		"@contentful/axios": {
			"version": "0.18.0",
			"resolved": "https://registry.npmjs.org/@contentful/axios/-/axios-0.18.0.tgz",
			"integrity": "sha512-4r4Ww1IJlmRolKgovLTTmdS6CsdvXYVxgXRFwWSh1x36T/0Wg9kTwdaVaApZXcv1DfYyw9RSNdxIGSwTP2/Lag==",
			"requires": {
				"follow-redirects": "^1.2.5",
				"is-buffer": "^1.1.5"
			}
		},
		"contentful": {
			"version": "7.3.0",
			"resolved": "https://registry.npmjs.org/contentful/-/contentful-7.3.0.tgz",
			"integrity": "sha512-4RFW4+g0Io+I/X2EIsYzu8nVqh1B58v7lVnQofnHQpMdXeR9lufW6aXgsPvb1utJdbmesTEyr9Z0jgAP48p0mg==",
			"requires": {
				"@contentful/axios": "^0.18.0",
				"contentful-resolve-response": "^1.1.4",
				"contentful-sdk-core": "^6.2.1",
				"json-stringify-safe": "^5.0.1",
				"lodash": "^4.17.5"
			}
		},
		"contentful-resolve-response": {
			"version": "1.1.4",
			"resolved": "https://registry.npmjs.org/contentful-resolve-response/-/contentful-resolve-response-1.1.4.tgz",
			"integrity": "sha512-oFq6n6zjbiwD9/7mBa8YHPwvPM0B0D4uOgg1n/rVzpQPhCrzeIixNj6fbJAbDiJt05rZqxiY3K1Db7pPRhRaZw==",
			"requires": {
				"lodash": "^4.17.4"
			}
		},
		"contentful-sdk-core": {
			"version": "6.2.1",
			"resolved": "https://registry.npmjs.org/contentful-sdk-core/-/contentful-sdk-core-6.2.1.tgz",
			"integrity": "sha512-fCZ2GNpsoWyroZ/j86JUHnGWmjCMcGGNqD4ll6fepR3EFN9YGySLLJzkQiXEDGap5+vmwcURyac8MPl6jP2FsQ==",
			"requires": {
				"lodash": "^4.17.10",
				"qs": "^6.5.2"
			}
		},
		"debug": {
			"version": "3.2.6",
			"resolved": "https://registry.npmjs.org/debug/-/debug-3.2.6.tgz",
			"integrity": "sha512-mel+jf7nrtEl5Pn1Qx46zARXKDpBbvzezse7p7LqINmdoIk8PYP5SySaxEmYv6TZ0JyEKA1hsCId6DIhgITtWQ==",
			"requires": {
				"ms": "^2.1.1"
			}
		},
		"follow-redirects": {
			"version": "1.7.0",
			"resolved": "https://registry.npmjs.org/follow-redirects/-/follow-redirects-1.7.0.tgz",
			"integrity": "sha512-m/pZQy4Gj287eNy94nivy5wchN3Kp+Q5WgUPNy5lJSZ3sgkVKSYV/ZChMAQVIgx1SqfZ2zBZtPA2YlXIWxxJOQ==",
			"requires": {
				"debug": "^3.2.6"
			}
		},
		"hoist-non-react-statics": {
			"version": "3.3.0",
			"resolved": "https://registry.npmjs.org/hoist-non-react-statics/-/hoist-non-react-statics-3.3.0.tgz",
			"integrity": "sha512-0XsbTXxgiaCDYDIWFcwkmerZPSwywfUqYmwT4jzewKTQSWoE6FCMoUVOeBJWK3E/CrWbxRG3m5GzY4lnIwGRBA==",
			"requires": {
				"react-is": "^16.7.0"
			}
		},
		"is-buffer": {
			"version": "1.1.6",
			"resolved": "https://registry.npmjs.org/is-buffer/-/is-buffer-1.1.6.tgz",
			"integrity": "sha512-NcdALwpXkTm5Zvvbk7owOUSvVvBKDgKP5/ewfXEznmQFfs4ZRmanOeKBTjRVjka3QFoN6XJ+9F3USqfHqTaU5w=="
		},
		"js-tokens": {
			"version": "4.0.0",
			"resolved": "https://registry.npmjs.org/js-tokens/-/js-tokens-4.0.0.tgz",
			"integrity": "sha512-RdJUflcE3cUzKiMqQgsCu06FPu9UdIJO0beYbPhHN4k6apgJtifcoCtT9bcxOpYBtpD2kCM6Sbzg4CausW/PKQ=="
		},
		"json-stringify-safe": {
			"version": "5.0.1",
			"resolved": "https://registry.npmjs.org/json-stringify-safe/-/json-stringify-safe-5.0.1.tgz",
			"integrity": "sha1-Epai1Y/UXxmg9s4B1lcB4sc1tus="
		},
		"lodash": {
			"version": "4.17.14",
			"resolved": "https://registry.npmjs.org/lodash/-/lodash-4.17.14.tgz",
			"integrity": "sha512-mmKYbW3GLuJeX+iGP+Y7Gp1AiGHGbXHCOh/jZmrawMmsE7MS4znI3RL2FsjbqOyMayHInjOeykW7PEajUk1/xw=="
		},
		"loose-envify": {
			"version": "1.4.0",
			"resolved": "https://registry.npmjs.org/loose-envify/-/loose-envify-1.4.0.tgz",
			"integrity": "sha512-lyuxPGr/Wfhrlem2CL/UcnUc1zcqKAImBDzukY7Y5F/yQiNdko6+fRLevlw1HgMySw7f611UIY408EtxRSoK3Q==",
			"requires": {
				"js-tokens": "^3.0.0 || ^4.0.0"
			}
		},
		"ms": {
			"version": "2.1.1",
			"resolved": "https://registry.npmjs.org/ms/-/ms-2.1.1.tgz",
			"integrity": "sha512-tgp+dl5cGk28utYktBsrFqA7HKgrhgPsg6Z/EfhWI4gl1Hwq8B/GmY/0oXZ6nF8hDVesS/FpnYaD/kOWhYQvyg=="
		},
		"object-assign": {
			"version": "4.1.1",
			"resolved": "https://registry.npmjs.org/object-assign/-/object-assign-4.1.1.tgz",
			"integrity": "sha1-IQmtx5ZYh8/AXLvUQsrIv7s2CGM="
		},
		"prop-types": {
			"version": "15.7.2",
			"resolved": "https://registry.npmjs.org/prop-types/-/prop-types-15.7.2.tgz",
			"integrity": "sha512-8QQikdH7//R2vurIJSutZ1smHYTcLpRWEOlHnzcWHmBYrOGUysKwSsrC89BCiFj3CbrfJ/nXFdJepOVrY1GCHQ==",
			"requires": {
				"loose-envify": "^1.4.0",
				"object-assign": "^4.1.1",
				"react-is": "^16.8.1"
			}
		},
		"qs": {
			"version": "6.6.0",
			"resolved": "https://registry.npmjs.org/qs/-/qs-6.6.0.tgz",
			"integrity": "sha512-KIJqT9jQJDQx5h5uAVPimw6yVg2SekOKu959OCtktD3FjzbpvaPr8i4zzg07DOMz+igA4W/aNM7OV8H37pFYfA=="
		},
		"react-is": {
			"version": "16.8.3",
			"resolved": "https://registry.npmjs.org/react-is/-/react-is-16.8.3.tgz",
			"integrity": "sha512-Y4rC1ZJmsxxkkPuMLwvKvlL1Zfpbcu+Bf4ZigkHup3v9EfdYhAlWAaVyA19olXq2o2mGn0w+dFKvk3pVVlYcIA=="
		}
	}
}
