{
	"name": "@wapps/react-script-loader",
	"version": "0.0.6",
	"lockfileVersion": 1,
	"requires": true,
	"dependencies": {
		"hoist-non-react-statics": {
			"version": "3.3.0",
			"resolved": "https://registry.npmjs.org/hoist-non-react-statics/-/hoist-non-react-statics-3.3.0.tgz",
			"integrity": "sha512-0XsbTXxgiaCDYDIWFcwkmerZPSwywfUqYmwT4jzewKTQSWoE6FCMoUVOeBJWK3E/CrWbxRG3m5GzY4lnIwGRBA==",
			"requires": {
				"react-is": "^16.7.0"
			}
		},
		"react-is": {
			"version": "16.8.3",
			"resolved": "https://registry.npmjs.org/react-is/-/react-is-16.8.3.tgz",
			"integrity": "sha512-Y4rC1ZJmsxxkkPuMLwvKvlL1Zfpbcu+Bf4ZigkHup3v9EfdYhAlWAaVyA19olXq2o2mGn0w+dFKvk3pVVlYcIA=="
		}
	}
}
